// !$*UTF8*$!
{
	archiveVersion = 1;
	classes = {
	};
	objectVersion = 50;
	objects = {

/* Begin PBXBuildFile section */
		FE28D7432084776E00D2E0D9 /* AppDelegate.swift in Sources */ = {isa = PBXBuildFile; fileRef = FE28D7422084776E00D2E0D9 /* AppDelegate.swift */; };
		FE28D7452084776E00D2E0D9 /* ViewController.swift in Sources */ = {isa = PBXBuildFile; fileRef = FE28D7442084776E00D2E0D9 /* ViewController.swift */; };
		FE28D7482084776E00D2E0D9 /* Main.storyboard in Resources */ = {isa = PBXBuildFile; fileRef = FE28D7462084776E00D2E0D9 /* Main.storyboard */; };
		FE28D74A2084777100D2E0D9 /* Assets.xcassets in Resources */ = {isa = PBXBuildFile; fileRef = FE28D7492084777100D2E0D9 /* Assets.xcassets */; };
		FE28D74D2084777100D2E0D9 /* LaunchScreen.storyboard in Resources */ = {isa = PBXBuildFile; fileRef = FE28D74B2084777100D2E0D9 /* LaunchScreen.storyboard */; };
		FE28D7582084777100D2E0D9 /* AlertControllerTests.swift in Sources */ = {isa = PBXBuildFile; fileRef = FE28D7572084777100D2E0D9 /* AlertControllerTests.swift */; };
		FE28D7632084777100D2E0D9 /* AlertControllerUITests.swift in Sources */ = {isa = PBXBuildFile; fileRef = FE28D7622084777100D2E0D9 /* AlertControllerUITests.swift */; };
/* End PBXBuildFile section */

/* Begin PBXContainerItemProxy section */
		FE28D7542084777100D2E0D9 /* PBXContainerItemProxy */ = {
			isa = PBXContainerItemProxy;
			containerPortal = FE28D7372084776E00D2E0D9 /* Project object */;
			proxyType = 1;
			remoteGlobalIDString = FE28D73E2084776E00D2E0D9;
			remoteInfo = AlertController;
		};
		FE28D75F2084777100D2E0D9 /* PBXContainerItemProxy */ = {
			isa = PBXContainerItemProxy;
			containerPortal = FE28D7372084776E00D2E0D9 /* Project object */;
			proxyType = 1;
			remoteGlobalIDString = FE28D73E2084776E00D2E0D9;
			remoteInfo = AlertController;
		};
/* End PBXContainerItemProxy section */

/* Begin PBXFileReference section */
		FE28D73F2084776E00D2E0D9 /* AlertController.app */ = {isa = PBXFileReference; explicitFileType = wrapper.application; includeInIndex = 0; path = AlertController.app; sourceTree = BUILT_PRODUCTS_DIR; };
		FE28D7422084776E00D2E0D9 /* AppDelegate.swift */ = {isa = PBXFileReference; lastKnownFileType = sourcecode.swift; path = AppDelegate.swift; sourceTree = "<group>"; };
		FE28D7442084776E00D2E0D9 /* ViewController.swift */ = {isa = PBXFileReference; lastKnownFileType = sourcecode.swift; path = ViewController.swift; sourceTree = "<group>"; };
		FE28D7472084776E00D2E0D9 /* Base */ = {isa = PBXFileReference; lastKnownFileType = file.storyboard; name = Base; path = Base.lproj/Main.storyboard; sourceTree = "<group>"; };
		FE28D7492084777100D2E0D9 /* Assets.xcassets */ = {isa = PBXFileReference; lastKnownFileType = folder.assetcatalog; path = Assets.xcassets; sourceTree = "<group>"; };
		FE28D74C2084777100D2E0D9 /* Base */ = {isa = PBXFileReference; lastKnownFileType = file.storyboard; name = Base; path = Base.lproj/LaunchScreen.storyboard; sourceTree = "<group>"; };
		FE28D74E2084777100D2E0D9 /* Info.plist */ = {isa = PBXFileReference; lastKnownFileType = text.plist.xml; path = Info.plist; sourceTree = "<group>"; };
		FE28D7532084777100D2E0D9 /* AlertControllerTests.xctest */ = {isa = PBXFileReference; explicitFileType = wrapper.cfbundle; includeInIndex = 0; path = AlertControllerTests.xctest; sourceTree = BUILT_PRODUCTS_DIR; };
		FE28D7572084777100D2E0D9 /* AlertControllerTests.swift */ = {isa = PBXFileReference; lastKnownFileType = sourcecode.swift; path = AlertControllerTests.swift; sourceTree = "<group>"; };
		FE28D7592084777100D2E0D9 /* Info.plist */ = {isa = PBXFileReference; lastKnownFileType = text.plist.xml; path = Info.plist; sourceTree = "<group>"; };
		FE28D75E2084777100D2E0D9 /* AlertControllerUITests.xctest */ = {isa = PBXFileReference; explicitFileType = wrapper.cfbundle; includeInIndex = 0; path = AlertControllerUITests.xctest; sourceTree = BUILT_PRODUCTS_DIR; };
		FE28D7622084777100D2E0D9 /* AlertControllerUITests.swift */ = {isa = PBXFileReference; lastKnownFileType = sourcecode.swift; path = AlertControllerUITests.swift; sourceTree = "<group>"; };
		FE28D7642084777100D2E0D9 /* Info.plist */ = {isa = PBXFileReference; lastKnownFileType = text.plist.xml; path = Info.plist; sourceTree = "<group>"; };
/* End PBXFileReference section */

/* Begin PBXFrameworksBuildPhase section */
		FE28D73C2084776E00D2E0D9 /* Frameworks */ = {
			isa = PBXFrameworksBuildPhase;
			buildActionMask = 2147483647;
			files = (
			);
			runOnlyForDeploymentPostprocessing = 0;
		};
		FE28D7502084777100D2E0D9 /* Frameworks */ = {
			isa = PBXFrameworksBuildPhase;
			buildActionMask = 2147483647;
			files = (
			);
			runOnlyForDeploymentPostprocessing = 0;
		};
		FE28D75B2084777100D2E0D9 /* Frameworks */ = {
			isa = PBXFrameworksBuildPhase;
			buildActionMask = 2147483647;
			files = (
			);
			runOnlyForDeploymentPostprocessing = 0;
		};
/* End PBXFrameworksBuildPhase section */

/* Begin PBXGroup section */
		FE28D7362084776E00D2E0D9 = {
			isa = PBXGroup;
			children = (
				FE28D7412084776E00D2E0D9 /* AlertController */,
				FE28D7562084777100D2E0D9 /* AlertControllerTests */,
				FE28D7612084777100D2E0D9 /* AlertControllerUITests */,
				FE28D7402084776E00D2E0D9 /* Products */,
			);
			sourceTree = "<group>";
		};
		FE28D7402084776E00D2E0D9 /* Products */ = {
			isa = PBXGroup;
			children = (
				FE28D73F2084776E00D2E0D9 /* AlertController.app */,
				FE28D7532084777100D2E0D9 /* AlertControllerTests.xctest */,
				FE28D75E2084777100D2E0D9 /* AlertControllerUITests.xctest */,
			);
			name = Products;
			sourceTree = "<group>";
		};
		FE28D7412084776E00D2E0D9 /* AlertController */ = {
			isa = PBXGroup;
			children = (
				FE28D7422084776E00D2E0D9 /* AppDelegate.swift */,
				FE28D7442084776E00D2E0D9 /* ViewController.swift */,
				FE28D7462084776E00D2E0D9 /* Main.storyboard */,
				FE28D7492084777100D2E0D9 /* Assets.xcassets */,
				FE28D74B2084777100D2E0D9 /* LaunchScreen.storyboard */,
				FE28D74E2084777100D2E0D9 /* Info.plist */,
			);
			path = AlertController;
			sourceTree = "<group>";
		};
		FE28D7562084777100D2E0D9 /* AlertControllerTests */ = {
			isa = PBXGroup;
			children = (
				FE28D7572084777100D2E0D9 /* AlertControllerTests.swift */,
				FE28D7592084777100D2E0D9 /* Info.plist */,
			);
			path = AlertControllerTests;
			sourceTree = "<group>";
		};
		FE28D7612084777100D2E0D9 /* AlertControllerUITests */ = {
			isa = PBXGroup;
			children = (
				FE28D7622084777100D2E0D9 /* AlertControllerUITests.swift */,
				FE28D7642084777100D2E0D9 /* Info.plist */,
			);
			path = AlertControllerUITests;
			sourceTree = "<group>";
		};
/* End PBXGroup section */

/* Begin PBXNativeTarget section */
		FE28D73E2084776E00D2E0D9 /* AlertController */ = {
			isa = PBXNativeTarget;
			buildConfigurationList = FE28D7672084777100D2E0D9 /* Build configuration list for PBXNativeTarget "AlertController" */;
			buildPhases = (
				FE28D73B2084776E00D2E0D9 /* Sources */,
				FE28D73C2084776E00D2E0D9 /* Frameworks */,
				FE28D73D2084776E00D2E0D9 /* Resources */,
			);
			buildRules = (
			);
			dependencies = (
			);
			name = AlertController;
			productName = AlertController;
			productReference = FE28D73F2084776E00D2E0D9 /* AlertController.app */;
			productType = "com.apple.product-type.application";
		};
		FE28D7522084777100D2E0D9 /* AlertControllerTests */ = {
			isa = PBXNativeTarget;
			buildConfigurationList = FE28D76A2084777100D2E0D9 /* Build configuration list for PBXNativeTarget "AlertControllerTests" */;
			buildPhases = (
				FE28D74F2084777100D2E0D9 /* Sources */,
				FE28D7502084777100D2E0D9 /* Frameworks */,
				FE28D7512084777100D2E0D9 /* Resources */,
			);
			buildRules = (
			);
			dependencies = (
				FE28D7552084777100D2E0D9 /* PBXTargetDependency */,
			);
			name = AlertControllerTests;
			productName = AlertControllerTests;
			productReference = FE28D7532084777100D2E0D9 /* AlertControllerTests.xctest */;
			productType = "com.apple.product-type.bundle.unit-test";
		};
		FE28D75D2084777100D2E0D9 /* AlertControllerUITests */ = {
			isa = PBXNativeTarget;
			buildConfigurationList = FE28D76D2084777100D2E0D9 /* Build configuration list for PBXNativeTarget "AlertControllerUITests" */;
			buildPhases = (
				FE28D75A2084777100D2E0D9 /* Sources */,
				FE28D75B2084777100D2E0D9 /* Frameworks */,
				FE28D75C2084777100D2E0D9 /* Resources */,
			);
			buildRules = (
			);
			dependencies = (
				FE28D7602084777100D2E0D9 /* PBXTargetDependency */,
			);
			name = AlertControllerUITests;
			productName = AlertControllerUITests;
			productReference = FE28D75E2084777100D2E0D9 /* AlertControllerUITests.xctest */;
			productType = "com.apple.product-type.bundle.ui-testing";
		};
/* End PBXNativeTarget section */

/* Begin PBXProject section */
		FE28D7372084776E00D2E0D9 /* Project object */ = {
			isa = PBXProject;
			attributes = {
				LastSwiftUpdateCheck = 0930;
				LastUpgradeCheck = 0930;
				ORGANIZATIONNAME = "Sang won Seo";
				TargetAttributes = {
					FE28D73E2084776E00D2E0D9 = {
						CreatedOnToolsVersion = 9.3;
					};
					FE28D7522084777100D2E0D9 = {
						CreatedOnToolsVersion = 9.3;
						TestTargetID = FE28D73E2084776E00D2E0D9;
					};
					FE28D75D2084777100D2E0D9 = {
						CreatedOnToolsVersion = 9.3;
						TestTargetID = FE28D73E2084776E00D2E0D9;
					};
				};
			};
			buildConfigurationList = FE28D73A2084776E00D2E0D9 /* Build configuration list for PBXProject "AlertController" */;
			compatibilityVersion = "Xcode 9.3";
			developmentRegion = en;
			hasScannedForEncodings = 0;
			knownRegions = (
				en,
				Base,
			);
			mainGroup = FE28D7362084776E00D2E0D9;
			productRefGroup = FE28D7402084776E00D2E0D9 /* Products */;
			projectDirPath = "";
			projectRoot = "";
			targets = (
				FE28D73E2084776E00D2E0D9 /* AlertController */,
				FE28D7522084777100D2E0D9 /* AlertControllerTests */,
				FE28D75D2084777100D2E0D9 /* AlertControllerUITests */,
			);
		};
/* End PBXProject section */

/* Begin PBXResourcesBuildPhase section */
		FE28D73D2084776E00D2E0D9 /* Resources */ = {
			isa = PBXResourcesBuildPhase;
			buildActionMask = 2147483647;
			files = (
				FE28D74D2084777100D2E0D9 /* LaunchScreen.storyboard in Resources */,
				FE28D74A2084777100D2E0D9 /* Assets.xcassets in Resources */,
				FE28D7482084776E00D2E0D9 /* Main.storyboard in Resources */,
			);
			runOnlyForDeploymentPostprocessing = 0;
		};
		FE28D7512084777100D2E0D9 /* Resources */ = {
			isa = PBXResourcesBuildPhase;
			buildActionMask = 2147483647;
			files = (
			);
			runOnlyForDeploymentPostprocessing = 0;
		};
		FE28D75C2084777100D2E0D9 /* Resources */ = {
			isa = PBXResourcesBuildPhase;
			buildActionMask = 2147483647;
			files = (
			);
			runOnlyForDeploymentPostprocessing = 0;
		};
/* End PBXResourcesBuildPhase section */

/* Begin PBXSourcesBuildPhase section */
		FE28D73B2084776E00D2E0D9 /* Sources */ = {
			isa = PBXSourcesBuildPhase;
			buildActionMask = 2147483647;
			files = (
				FE28D7452084776E00D2E0D9 /* ViewController.swift in Sources */,
				FE28D7432084776E00D2E0D9 /* AppDelegate.swift in Sources */,
			);
			runOnlyForDeploymentPostprocessing = 0;
		};
		FE28D74F2084777100D2E0D9 /* Sources */ = {
			isa = PBXSourcesBuildPhase;
			buildActionMask = 2147483647;
			files = (
				FE28D7582084777100D2E0D9 /* AlertControllerTests.swift in Sources */,
			);
			runOnlyForDeploymentPostprocessing = 0;
		};
		FE28D75A2084777100D2E0D9 /* Sources */ = {
			isa = PBXSourcesBuildPhase;
			buildActionMask = 2147483647;
			files = (
				FE28D7632084777100D2E0D9 /* AlertControllerUITests.swift in Sources */,
			);
			runOnlyForDeploymentPostprocessing = 0;
		};
/* End PBXSourcesBuildPhase section */

/* Begin PBXTargetDependency section */
		FE28D7552084777100D2E0D9 /* PBXTargetDependency */ = {
			isa = PBXTargetDependency;
			target = FE28D73E2084776E00D2E0D9 /* AlertController */;
			targetProxy = FE28D7542084777100D2E0D9 /* PBXContainerItemProxy */;
		};
		FE28D7602084777100D2E0D9 /* PBXTargetDependency */ = {
			isa = PBXTargetDependency;
			target = FE28D73E2084776E00D2E0D9 /* AlertController */;
			targetProxy = FE28D75F2084777100D2E0D9 /* PBXContainerItemProxy */;
		};
/* End PBXTargetDependency section */

/* Begin PBXVariantGroup section */
		FE28D7462084776E00D2E0D9 /* Main.storyboard */ = {
			isa = PBXVariantGroup;
			children = (
				FE28D7472084776E00D2E0D9 /* Base */,
			);
			name = Main.storyboard;
			sourceTree = "<group>";
		};
		FE28D74B2084777100D2E0D9 /* LaunchScreen.storyboard */ = {
			isa = PBXVariantGroup;
			children = (
				FE28D74C2084777100D2E0D9 /* Base */,
			);
			name = LaunchScreen.storyboard;
			sourceTree = "<group>";
		};
/* End PBXVariantGroup section */

/* Begin XCBuildConfiguration section */
		FE28D7652084777100D2E0D9 /* Debug */ = {
			isa = XCBuildConfiguration;
			buildSettings = {
				ALWAYS_SEARCH_USER_PATHS = NO;
				CLANG_ANALYZER_NONNULL = YES;
				CLANG_ANALYZER_NUMBER_OBJECT_CONVERSION = YES_AGGRESSIVE;
				CLANG_CXX_LANGUAGE_STANDARD = "gnu++14";
				CLANG_CXX_LIBRARY = "libc++";
				CLANG_ENABLE_MODULES = YES;
				CLANG_ENABLE_OBJC_ARC = YES;
				CLANG_ENABLE_OBJC_WEAK = YES;
				CLANG_WARN_BLOCK_CAPTURE_AUTORELEASING = YES;
				CLANG_WARN_BOOL_CONVERSION = YES;
				CLANG_WARN_COMMA = YES;
				CLANG_WARN_CONSTANT_CONVERSION = YES;
				CLANG_WARN_DEPRECATED_OBJC_IMPLEMENTATIONS = YES;
				CLANG_WARN_DIRECT_OBJC_ISA_USAGE = YES_ERROR;
				CLANG_WARN_DOCUMENTATION_COMMENTS = YES;
				CLANG_WARN_EMPTY_BODY = YES;
				CLANG_WARN_ENUM_CONVERSION = YES;
				CLANG_WARN_INFINITE_RECURSION = YES;
				CLANG_WARN_INT_CONVERSION = YES;
				CLANG_WARN_NON_LITERAL_NULL_CONVERSION = YES;
				CLANG_WARN_OBJC_IMPLICIT_RETAIN_SELF = YES;
				CLANG_WARN_OBJC_LITERAL_CONVERSION = YES;
				CLANG_WARN_OBJC_ROOT_CLASS = YES_ERROR;
				CLANG_WARN_RANGE_LOOP_ANALYSIS = YES;
				CLANG_WARN_STRICT_PROTOTYPES = YES;
				CLANG_WARN_SUSPICIOUS_MOVE = YES;
				CLANG_WARN_UNGUARDED_AVAILABILITY = YES_AGGRESSIVE;
				CLANG_WARN_UNREACHABLE_CODE = YES;
				CLANG_WARN__DUPLICATE_METHOD_MATCH = YES;
				CODE_SIGN_IDENTITY = "iPhone Developer";
				COPY_PHASE_STRIP = NO;
				DEBUG_INFORMATION_FORMAT = dwarf;
				ENABLE_STRICT_OBJC_MSGSEND = YES;
				ENABLE_TESTABILITY = YES;
				GCC_C_LANGUAGE_STANDARD = gnu11;
				GCC_DYNAMIC_NO_PIC = NO;
				GCC_NO_COMMON_BLOCKS = YES;
				GCC_OPTIMIZATION_LEVEL = 0;
				GCC_PREPROCESSOR_DEFINITIONS = (
					"DEBUG=1",
					"$(inherited)",
				);
				GCC_WARN_64_TO_32_BIT_CONVERSION = YES;
				GCC_WARN_ABOUT_RETURN_TYPE = YES_ERROR;
				GCC_WARN_UNDECLARED_SELECTOR = YES;
				GCC_WARN_UNINITIALIZED_AUTOS = YES_AGGRESSIVE;
				GCC_WARN_UNUSED_FUNCTION = YES;
				GCC_WARN_UNUSED_VARIABLE = YES;
				IPHONEOS_DEPLOYMENT_TARGET = 11.3;
				MTL_ENABLE_DEBUG_INFO = YES;
				ONLY_ACTIVE_ARCH = YES;
				SDKROOT = iphoneos;
				SWIFT_ACTIVE_COMPILATION_CONDITIONS = DEBUG;
				SWIFT_OPTIMIZATION_LEVEL = "-Onone";
			};
			name = Debug;
		};
		FE28D7662084777100D2E0D9 /* Release */ = {
			isa = XCBuildConfiguration;
			buildSettings = {
				ALWAYS_SEARCH_USER_PATHS = NO;
				CLANG_ANALYZER_NONNULL = YES;
				CLANG_ANALYZER_NUMBER_OBJECT_CONVERSION = YES_AGGRESSIVE;
				CLANG_CXX_LANGUAGE_STANDARD = "gnu++14";
				CLANG_CXX_LIBRARY = "libc++";
				CLANG_ENABLE_MODULES = YES;
				CLANG_ENABLE_OBJC_ARC = YES;
				CLANG_ENABLE_OBJC_WEAK = YES;
				CLANG_WARN_BLOCK_CAPTURE_AUTORELEASING = YES;
				CLANG_WARN_BOOL_CONVERSION = YES;
				CLANG_WARN_COMMA = YES;
				CLANG_WARN_CONSTANT_CONVERSION = YES;
				CLANG_WARN_DEPRECATED_OBJC_IMPLEMENTATIONS = YES;
				CLANG_WARN_DIRECT_OBJC_ISA_USAGE = YES_ERROR;
				CLANG_WARN_DOCUMENTATION_COMMENTS = YES;
				CLANG_WARN_EMPTY_BODY = YES;
				CLANG_WARN_ENUM_CONVERSION = YES;
				CLANG_WARN_INFINITE_RECURSION = YES;
				CLANG_WARN_INT_CONVERSION = YES;
				CLANG_WARN_NON_LITERAL_NULL_CONVERSION = YES;
				CLANG_WARN_OBJC_IMPLICIT_RETAIN_SELF = YES;
				CLANG_WARN_OBJC_LITERAL_CONVERSION = YES;
				CLANG_WARN_OBJC_ROOT_CLASS = YES_ERROR;
				CLANG_WARN_RANGE_LOOP_ANALYSIS = YES;
				CLANG_WARN_STRICT_PROTOTYPES = YES;
				CLANG_WARN_SUSPICIOUS_MOVE = YES;
				CLANG_WARN_UNGUARDED_AVAILABILITY = YES_AGGRESSIVE;
				CLANG_WARN_UNREACHABLE_CODE = YES;
				CLANG_WARN__DUPLICATE_METHOD_MATCH = YES;
				CODE_SIGN_IDENTITY = "iPhone Developer";
				COPY_PHASE_STRIP = NO;
				DEBUG_INFORMATION_FORMAT = "dwarf-with-dsym";
				ENABLE_NS_ASSERTIONS = NO;
				ENABLE_STRICT_OBJC_MSGSEND = YES;
				GCC_C_LANGUAGE_STANDARD = gnu11;
				GCC_NO_COMMON_BLOCKS = YES;
				GCC_WARN_64_TO_32_BIT_CONVERSION = YES;
				GCC_WARN_ABOUT_RETURN_TYPE = YES_ERROR;
				GCC_WARN_UNDECLARED_SELECTOR = YES;
				GCC_WARN_UNINITIALIZED_AUTOS = YES_AGGRESSIVE;
				GCC_WARN_UNUSED_FUNCTION = YES;
				GCC_WARN_UNUSED_VARIABLE = YES;
				IPHONEOS_DEPLOYMENT_TARGET = 11.3;
				MTL_ENABLE_DEBUG_INFO = NO;
				SDKROOT = iphoneos;
				SWIFT_COMPILATION_MODE = wholemodule;
				SWIFT_OPTIMIZATION_LEVEL = "-O";
				VALIDATE_PRODUCT = YES;
			};
			name = Release;
		};
		FE28D7682084777100D2E0D9 /* Debug */ = {
			isa = XCBuildConfiguration;
			buildSettings = {
				ASSETCATALOG_COMPILER_APPICON_NAME = AppIcon;
				CODE_SIGN_STYLE = Automatic;
				DEVELOPMENT_TEAM = BU392JZ299;
				INFOPLIST_FILE = AlertController/Info.plist;
				LD_RUNPATH_SEARCH_PATHS = (
					"$(inherited)",
					"@executable_path/Frameworks",
				);
				PRODUCT_BUNDLE_IDENTIFIER = zhao.AlertController;
				PRODUCT_NAME = "$(TARGET_NAME)";
				SWIFT_VERSION = 4.0;
				TARGETED_DEVICE_FAMILY = "1,2";
			};
			name = Debug;
		};
		FE28D7692084777100D2E0D9 /* Release */ = {
			isa = XCBuildConfiguration;
			buildSettings = {
				ASSETCATALOG_COMPILER_APPICON_NAME = AppIcon;
				CODE_SIGN_STYLE = Automatic;
				DEVELOPMENT_TEAM = BU392JZ299;
				INFOPLIST_FILE = AlertController/Info.plist;
				LD_RUNPATH_SEARCH_PATHS = (
					"$(inherited)",
					"@executable_path/Frameworks",
				);
				PRODUCT_BUNDLE_IDENTIFIER = zhao.AlertController;
				PRODUCT_NAME = "$(TARGET_NAME)";
				SWIFT_VERSION = 4.0;
				TARGETED_DEVICE_FAMILY = "1,2";
			};
			name = Release;
		};
		FE28D76B2084777100D2E0D9 /* Debug */ = {
			isa = XCBuildConfiguration;
			buildSettings = {
				ALWAYS_EMBED_SWIFT_STANDARD_LIBRARIES = YES;
				BUNDLE_LOADER = "$(TEST_HOST)";
				CODE_SIGN_STYLE = Automatic;
				DEVELOPMENT_TEAM = BU392JZ299;
				INFOPLIST_FILE = AlertControllerTests/Info.plist;
				LD_RUNPATH_SEARCH_PATHS = (
					"$(inherited)",
					"@executable_path/Frameworks",
					"@loader_path/Frameworks",
				);
				PRODUCT_BUNDLE_IDENTIFIER = zhao.AlertControllerTests;
				PRODUCT_NAME = "$(TARGET_NAME)";
				SWIFT_VERSION = 4.0;
				TARGETED_DEVICE_FAMILY = "1,2";
				TEST_HOST = "$(BUILT_PRODUCTS_DIR)/AlertController.app/AlertController";
			};
			name = Debug;
		};
		FE28D76C2084777100D2E0D9 /* Release */ = {
			isa = XCBuildConfiguration;
			buildSettings = {
				ALWAYS_EMBED_SWIFT_STANDARD_LIBRARIES = YES;
				BUNDLE_LOADER = "$(TEST_HOST)";
				CODE_SIGN_STYLE = Automatic;
				DEVELOPMENT_TEAM = BU392JZ299;
				INFOPLIST_FILE = AlertControllerTests/Info.plist;
				LD_RUNPATH_SEARCH_PATHS = (
					"$(inherited)",
					"@executable_path/Frameworks",
					"@loader_path/Frameworks",
				);
				PRODUCT_BUNDLE_IDENTIFIER = zhao.AlertControllerTests;
				PRODUCT_NAME = "$(TARGET_NAME)";
				SWIFT_VERSION = 4.0;
				TARGETED_DEVICE_FAMILY = "1,2";
				TEST_HOST = "$(BUILT_PRODUCTS_DIR)/AlertController.app/AlertController";
			};
			name = Release;
		};
		FE28D76E2084777100D2E0D9 /* Debug */ = {
			isa = XCBuildConfiguration;
			buildSettings = {
				ALWAYS_EMBED_SWIFT_STANDARD_LIBRARIES = YES;
				CODE_SIGN_STYLE = Automatic;
				DEVELOPMENT_TEAM = BU392JZ299;
				INFOPLIST_FILE = AlertControllerUITests/Info.plist;
				LD_RUNPATH_SEARCH_PATHS = (
					"$(inherited)",
					"@executable_path/Frameworks",
					"@loader_path/Frameworks",
				);
				PRODUCT_BUNDLE_IDENTIFIER = zhao.AlertControllerUITests;
				PRODUCT_NAME = "$(TARGET_NAME)";
				SWIFT_VERSION = 4.0;
				TARGETED_DEVICE_FAMILY = "1,2";
				TEST_TARGET_NAME = AlertController;
			};
			name = Debug;
		};
		FE28D76F2084777100D2E0D9 /* Release */ = {
			isa = XCBuildConfiguration;
			buildSettings = {
				ALWAYS_EMBED_SWIFT_STANDARD_LIBRARIES = YES;
				CODE_SIGN_STYLE = Automatic;
				DEVELOPMENT_TEAM = BU392JZ299;
				INFOPLIST_FILE = AlertControllerUITests/Info.plist;
				LD_RUNPATH_SEARCH_PATHS = (
					"$(inherited)",
					"@executable_path/Frameworks",
					"@loader_path/Frameworks",
				);
				PRODUCT_BUNDLE_IDENTIFIER = zhao.AlertControllerUITests;
				PRODUCT_NAME = "$(TARGET_NAME)";
				SWIFT_VERSION = 4.0;
				TARGETED_DEVICE_FAMILY = "1,2";
				TEST_TARGET_NAME = AlertController;
			};
			name = Release;
		};
/* End XCBuildConfiguration section */

/* Begin XCConfigurationList section */
		FE28D73A2084776E00D2E0D9 /* Build configuration list for PBXProject "AlertController" */ = {
			isa = XCConfigurationList;
			buildConfigurations = (
				FE28D7652084777100D2E0D9 /* Debug */,
				FE28D7662084777100D2E0D9 /* Release */,
			);
			defaultConfigurationIsVisible = 0;
			defaultConfigurationName = Release;
		};
		FE28D7672084777100D2E0D9 /* Build configuration list for PBXNativeTarget "AlertController" */ = {
			isa = XCConfigurationList;
			buildConfigurations = (
				FE28D7682084777100D2E0D9 /* Debug */,
				FE28D7692084777100D2E0D9 /* Release */,
			);
			defaultConfigurationIsVisible = 0;
			defaultConfigurationName = Release;
		};
		FE28D76A2084777100D2E0D9 /* Build configuration list for PBXNativeTarget "AlertControllerTests" */ = {
			isa = XCConfigurationList;
			buildConfigurations = (
				FE28D76B2084777100D2E0D9 /* Debug */,
				FE28D76C2084777100D2E0D9 /* Release */,
			);
			defaultConfigurationIsVisible = 0;
			defaultConfigurationName = Release;
		};
		FE28D76D2084777100D2E0D9 /* Build configuration list for PBXNativeTarget "AlertControllerUITests" */ = {
			isa = XCConfigurationList;
			buildConfigurations = (
				FE28D76E2084777100D2E0D9 /* Debug */,
				FE28D76F2084777100D2E0D9 /* Release */,
			);
			defaultConfigurationIsVisible = 0;
			defaultConfigurationName = Release;
		};
/* End XCConfigurationList section */
	};
	rootObject = FE28D7372084776E00D2E0D9 /* Project object */;
}
